<?xml version="1.0" encoding="utf-8"?>
<Project ToolsVersion="4.0" xmlns="http://schemas.microsoft.com/developer/msbuild/2003">
  <ItemGroup>
    <Filter Include="Source Files">
      <UniqueIdentifier>{4FC737F1-C7A5-4376-A066-2A32D752A2FF}</UniqueIdentifier>
      <Extensions>cpp;c;cc;cxx;def;odl;idl;hpj;bat;asm;asmx</Extensions>
    </Filter>
    <Filter Include="Header Files">
      <UniqueIdentifier>{93995380-89BD-4b04-88EB-625FBE52EBFB}</UniqueIdentifier>
      <Extensions>h;hpp;hxx;hm;inl;inc;xsd</Extensions>
    </Filter>
    <Filter Include="Resource Files">
      <UniqueIdentifier>{67DA6AB6-F800-4c08-8B7A-83BB121AAD01}</UniqueIdentifier>
      <Extensions>rc;ico;cur;bmp;dlg;rc2;rct;bin;rgs;gif;jpg;jpeg;jpe;resx;tiff;tif;png;wav;mfcribbon-ms</Extensions>
    </Filter>
    <Filter Include="Source Files\Entities">
      <UniqueIdentifier>{84c659e7-a30f-449f-868f-743e203201f7}</UniqueIdentifier>
    </Filter>
    <Filter Include="Source Files\GameStates">
      <UniqueIdentifier>{9f2571d5-a597-4f09-afb9-f2ecf664772b}</UniqueIdentifier>
    </Filter>
    <Filter Include="Source Files\Base">
      <UniqueIdentifier>{11f40b3e-82a0-41f8-88a3-6f2f1163277f}</UniqueIdentifier>
    </Filter>
    <Filter Include="Source Files\Managers">
      <UniqueIdentifier>{0322ffa7-59fb-4aff-97c0-0cd295f97d36}</UniqueIdentifier>
    </Filter>
    <Filter Include="Source Files\Entities\Actors">
      <UniqueIdentifier>{c1da63e9-b579-4e15-9ee2-0bdebcb6af68}</UniqueIdentifier>
    </Filter>
    <Filter Include="Source Files\Entities\Powerups">
      <UniqueIdentifier>{a1f30ad8-358a-4829-857d-63eb0eccb47b}</UniqueIdentifier>
    </Filter>
    <Filter Include="Source Files\Entities\Particles">
      <UniqueIdentifier>{862309d2-e5c4-42b3-a85d-0400170b5957}</UniqueIdentifier>
    </Filter>
  </ItemGroup>
  <ItemGroup>
    <ClCompile Include="Application.cpp">
      <Filter>Source Files\Base</Filter>
    </ClCompile>
    <ClCompile Include="Entity.cpp">
      <Filter>Source Files\Base</Filter>
    </ClCompile>
    <ClCompile Include="Bullet.cpp">
      <Filter>Source Files\Entities\Actors</Filter>
    </ClCompile>
    <ClCompile Include="Enemy.cpp">
      <Filter>Source Files\Entities\Actors</Filter>
    </ClCompile>
    <ClCompile Include="Cursor.cpp">
      <Filter>Source Files\Entities\Actors</Filter>
    </ClCompile>
    <ClCompile Include="blueParticle.cpp">
      <Filter>Source Files\Entities\Particles</Filter>
    </ClCompile>
    <ClCompile Include="blueEnemy.cpp">
      <Filter>Source Files\Entities\Actors</Filter>
    </ClCompile>
    <ClCompile Include="gameoverState.cpp">
      <Filter>Source Files\GameStates</Filter>
    </ClCompile>
    <ClCompile Include="Levelup.cpp">
      <Filter>Source Files\GameStates</Filter>
    </ClCompile>
    <ClCompile Include="MainGame.cpp">
      <Filter>Source Files\GameStates</Filter>
    </ClCompile>
    <ClCompile Include="MainMenu.cpp">
      <Filter>Source Files\GameStates</Filter>
    </ClCompile>
    <ClCompile Include="powerupRapid.cpp">
      <Filter>Source Files\Entities\Powerups</Filter>
    </ClCompile>
    <ClCompile Include="triPowerup.cpp">
      <Filter>Source Files\Entities\Powerups</Filter>
    </ClCompile>
    <ClCompile Include="redParticle.cpp">
      <Filter>Source Files\Entities\Particles</Filter>
    </ClCompile>
    <ClCompile Include="trailParticle.cpp">
      <Filter>Source Files\Entities\Particles</Filter>
    </ClCompile>
    <ClCompile Include="powerUp.cpp">
      <Filter>Source Files\Entities\Powerups</Filter>
    </ClCompile>
    <ClCompile Include="Particle.cpp">
      <Filter>Source Files\Entities\Particles</Filter>
    </ClCompile>
    <ClCompile Include="redEnemy.cpp">
      <Filter>Source Files\Entities\Actors</Filter>
    </ClCompile>
    <ClCompile Include="Player.cpp">
      <Filter>Source Files\Entities\Actors</Filter>
    </ClCompile>
    <ClCompile Include="wanderEnemy.cpp">
      <Filter>Source Files\Entities\Actors</Filter>
    </ClCompile>
    <ClCompile Include="GameObjectManager.cpp">
      <Filter>Source Files\Managers</Filter>
    </ClCompile>
    <ClCompile Include="StateManager.cpp">
      <Filter>Source Files\Managers</Filter>
    </ClCompile>
    <ClCompile Include="textureManager.cpp">
      <Filter>Source Files\Managers</Filter>
    </ClCompile>
    <ClCompile Include="GameState.cpp">
      <Filter>Source Files\Base</Filter>
    </ClCompile>
    <ClCompile Include="FPS.cpp">
      <Filter>Source Files\Base</Filter>
    </ClCompile>
    <ClCompile Include="Main.cpp">
      <Filter>Source Files\Base</Filter>
    </ClCompile>
    <ClCompile Include="Quadtree.cpp">
      <Filter>Source Files\Base</Filter>
    </ClCompile>
  </ItemGroup>
  <ItemGroup>
    <ClInclude Include="Entity.h">
      <Filter>Header Files</Filter>
    </ClInclude>
    <ClInclude Include="GameObjectManager.h">
      <Filter>Header Files</Filter>
    </ClInclude>
    <ClInclude Include="Player.h">
      <Filter>Header Files</Filter>
    </ClInclude>
    <ClInclude Include="Enemy.h">
      <Filter>Header Files</Filter>
    </ClInclude>
    <ClInclude Include="Bullet.h">
      <Filter>Header Files</Filter>
    </ClInclude>
    <ClInclude Include="Cursor.h">
      <Filter>Header Files</Filter>
    </ClInclude>
    <ClInclude Include="textureManager.h">
      <Filter>Header Files</Filter>
    </ClInclude>
    <ClInclude Include="Particle.h">
      <Filter>Header Files</Filter>
    </ClInclude>
    <ClInclude Include="blueParticle.h">
      <Filter>Header Files</Filter>
    </ClInclude>
    <ClInclude Include="redEnemy.h">
      <Filter>Header Files</Filter>
    </ClInclude>
    <ClInclude Include="blueEnemy.h">
      <Filter>Header Files</Filter>
    </ClInclude>
    <ClInclude Include="redParticle.h">
      <Filter>Header Files</Filter>
    </ClInclude>
    <ClInclude Include="GameState.h">
      <Filter>Header Files</Filter>
    </ClInclude>
    <ClInclude Include="MainGame.h">
      <Filter>Header Files</Filter>
    </ClInclude>
    <ClInclude Include="StateManager.h">
      <Filter>Header Files</Filter>
    </ClInclude>
    <ClInclude Include="MainMenu.h">
      <Filter>Header Files</Filter>
    </ClInclude>
    <ClInclude Include="Application.h">
      <Filter>Header Files</Filter>
    </ClInclude>
    <ClInclude Include="Levelup.h">
      <Filter>Header Files</Filter>
    </ClInclude>
    <ClInclude Include="powerUp.h">
      <Filter>Header Files</Filter>
    </ClInclude>
    <ClInclude Include="powerupRapid.h">
      <Filter>Header Files</Filter>
    </ClInclude>
    <ClInclude Include="trailParticle.h">
      <Filter>Header Files</Filter>
    </ClInclude>
    <ClInclude Include="wanderEnemy.h">
      <Filter>Header Files</Filter>
    </ClInclude>
    <ClInclude Include="triPowerup.h">
      <Filter>Header Files</Filter>
    </ClInclude>
    <ClInclude Include="Quadtree.h">
      <Filter>Header Files</Filter>
    </ClInclude>
    <ClInclude Include="gameoverState.h">
      <Filter>Header Files</Filter>
    </ClInclude>
    <ClInclude Include="FPS.h">
      <Filter>Header Files</Filter>
    </ClInclude>
    <ClInclude Include="Resources.h">
      <Filter>Header Files</Filter>
    </ClInclude>
    <ClInclude Include="forward.h">
      <Filter>Header Files</Filter>
    </ClInclude>
  </ItemGroup>
</Project>